
Microsoft Visual Studio Solution File, Format Version 12.00
# Visual Studio Version 17
VisualStudioVersion = 17.5.002.0
MinimumVisualStudioVersion = 10.0.40219.1
Project("{9A19103F-16F7-4668-BE54-9A1E7A4F7556}") = "ExemploColecoes", "ExemploColecoes.csproj", "{8CAAE8B8-BFB7-469A-AE16-2CBAD32449A5}"
EndProject
Global
	GlobalSection(SolutionConfigurationPlatforms) = preSolution
		Debug|Any CPU = Debug|Any CPU
		Release|Any CPU = Release|Any CPU
	EndGlobalSection
	GlobalSection(ProjectConfigurationPlatforms) = postSolution
		{8CAAE8B8-BFB7-469A-AE16-2CBAD32449A5}.Debug|Any CPU.ActiveCfg = Debug|Any CPU
		{8CAAE8B8-BFB7-469A-AE16-2CBAD32449A5}.Debug|Any CPU.Build.0 = Debug|Any CPU
		{8CAAE8B8-BFB7-469A-AE16-2CBAD32449A5}.Release|Any CPU.ActiveCfg = Release|Any CPU
		{8CAAE8B8-BFB7-469A-AE16-2CBAD32449A5}.Release|Any CPU.Build.0 = Release|Any CPU
	EndGlobalSection
	GlobalSection(SolutionProperties) = preSolution
		HideSolutionNode = FALSE
	EndGlobalSection
	GlobalSection(ExtensibilityGlobals) = postSolution
		SolutionGuid = {61607AAA-CAFC-44AA-9338-D52B5662DAB3}
	EndGlobalSection
EndGlobal
